
Microsoft Visual Studio Solution File, Format Version 12.00
# Visual Studio Version 16
VisualStudioVersion = 16.0.31402.337
MinimumVisualStudioVersion = 10.0.40219.1
Project("{FAE04EC0-301F-11D3-BF4B-00C04F79EFBC}") = "Lab1", "Lab1\Lab1.csproj", "{5FF71007-0039-4577-8463-1EADA5D7D6FD}"
EndProject
Global
	GlobalSection(SolutionConfigurationPlatforms) = preSolution
		Debug|Any CPU = Debug|Any CPU
		Release|Any CPU = Release|Any CPU
	EndGlobalSection
	GlobalSection(ProjectConfigurationPlatforms) = postSolution
		{5FF71007-0039-4577-8463-1EADA5D7D6FD}.Debug|Any CPU.ActiveCfg = Debug|Any CPU
		{5FF71007-0039-4577-8463-1EADA5D7D6FD}.Debug|Any CPU.Build.0 = Debug|Any CPU
		{5FF71007-0039-4577-8463-1EADA5D7D6FD}.Release|Any CPU.ActiveCfg = Release|Any CPU
		{5FF71007-0039-4577-8463-1EADA5D7D6FD}.Release|Any CPU.Build.0 = Release|Any CPU
	EndGlobalSection
	GlobalSection(SolutionProperties) = preSolution
		HideSolutionNode = FALSE
	EndGlobalSection
	GlobalSection(ExtensibilityGlobals) = postSolution
		SolutionGuid = {B7E64240-8AE7-43D4-94AB-95E332565452}
	EndGlobalSection
EndGlobal
